
Microsoft Visual Studio Solution File, Format Version 12.00
# Visual Studio Version 17
VisualStudioVersion = 17.5.002.0
MinimumVisualStudioVersion = 10.0.40219.1
Project("{9A19103F-16F7-4668-BE54-9A1E7A4F7556}") = "NameScorer", "NameScorer.csproj", "{D7707BEE-61DA-4B3A-A685-1A6F8007BA81}"
EndProject
Global
	GlobalSection(SolutionConfigurationPlatforms) = preSolution
		Debug|Any CPU = Debug|Any CPU
		Release|Any CPU = Release|Any CPU
	EndGlobalSection
	GlobalSection(ProjectConfigurationPlatforms) = postSolution
		{D7707BEE-61DA-4B3A-A685-1A6F8007BA81}.Debug|Any CPU.ActiveCfg = Debug|Any CPU
		{D7707BEE-61DA-4B3A-A685-1A6F8007BA81}.Debug|Any CPU.Build.0 = Debug|Any CPU
		{D7707BEE-61DA-4B3A-A685-1A6F8007BA81}.Release|Any CPU.ActiveCfg = Release|Any CPU
		{D7707BEE-61DA-4B3A-A685-1A6F8007BA81}.Release|Any CPU.Build.0 = Release|Any CPU
	EndGlobalSection
	GlobalSection(SolutionProperties) = preSolution
		HideSolutionNode = FALSE
	EndGlobalSection
	GlobalSection(ExtensibilityGlobals) = postSolution
		SolutionGuid = {CD229877-0226-4365-B2AD-5E18B7860E9A}
	EndGlobalSection
EndGlobal
